
Microsoft Visual Studio Solution File, Format Version 12.00
# Visual Studio Version 16
VisualStudioVersion = 16.0.31624.102
MinimumVisualStudioVersion = 10.0.40219.1
Project("{8BC9CEB8-8B4A-11D0-8D11-00A0C91BC942}") = "Lab_6.3.2", "Lab_6.3.2\Lab_6.3.2.vcxproj", "{303ECA0B-CD24-45E9-AB42-A129C2FEE143}"
EndProject
Project("{8BC9CEB8-8B4A-11D0-8D11-00A0C91BC942}") = "UnitTest6.3.2", "UnitTest6.3.2\UnitTest6.3.2.vcxproj", "{FEBB4915-980C-4E7A-9E8B-075643CDF171}"
EndProject
Global
	GlobalSection(SolutionConfigurationPlatforms) = preSolution
		Debug|x64 = Debug|x64
		Debug|x86 = Debug|x86
		Release|x64 = Release|x64
		Release|x86 = Release|x86
	EndGlobalSection
	GlobalSection(ProjectConfigurationPlatforms) = postSolution
		{303ECA0B-CD24-45E9-AB42-A129C2FEE143}.Debug|x64.ActiveCfg = Debug|x64
		{303ECA0B-CD24-45E9-AB42-A129C2FEE143}.Debug|x64.Build.0 = Debug|x64
		{303ECA0B-CD24-45E9-AB42-A129C2FEE143}.Debug|x86.ActiveCfg = Debug|Win32
		{303ECA0B-CD24-45E9-AB42-A129C2FEE143}.Debug|x86.Build.0 = Debug|Win32
		{303ECA0B-CD24-45E9-AB42-A129C2FEE143}.Release|x64.ActiveCfg = Release|x64
		{303ECA0B-CD24-45E9-AB42-A129C2FEE143}.Release|x64.Build.0 = Release|x64
		{303ECA0B-CD24-45E9-AB42-A129C2FEE143}.Release|x86.ActiveCfg = Release|Win32
		{303ECA0B-CD24-45E9-AB42-A129C2FEE143}.Release|x86.Build.0 = Release|Win32
		{FEBB4915-980C-4E7A-9E8B-075643CDF171}.Debug|x64.ActiveCfg = Debug|x64
		{FEBB4915-980C-4E7A-9E8B-075643CDF171}.Debug|x64.Build.0 = Debug|x64
		{FEBB4915-980C-4E7A-9E8B-075643CDF171}.Debug|x86.ActiveCfg = Debug|Win32
		{FEBB4915-980C-4E7A-9E8B-075643CDF171}.Debug|x86.Build.0 = Debug|Win32
		{FEBB4915-980C-4E7A-9E8B-075643CDF171}.Release|x64.ActiveCfg = Release|x64
		{FEBB4915-980C-4E7A-9E8B-075643CDF171}.Release|x64.Build.0 = Release|x64
		{FEBB4915-980C-4E7A-9E8B-075643CDF171}.Release|x86.ActiveCfg = Release|Win32
		{FEBB4915-980C-4E7A-9E8B-075643CDF171}.Release|x86.Build.0 = Release|Win32
	EndGlobalSection
	GlobalSection(SolutionProperties) = preSolution
		HideSolutionNode = FALSE
	EndGlobalSection
	GlobalSection(ExtensibilityGlobals) = postSolution
		SolutionGuid = {BA7AF636-99AA-4B8A-BB86-70D90FB16E2B}
	EndGlobalSection
EndGlobal
